
Microsoft Visual Studio Solution File, Format Version 12.00
# Visual Studio Version 16
VisualStudioVersion = 16.0.29519.181
MinimumVisualStudioVersion = 10.0.40219.1
Project("{FAE04EC0-301F-11D3-BF4B-00C04F79EFBC}") = "ELK1", "ELK1\ELK1.csproj", "{CFB533A4-921F-4354-A55D-0C9C7582CAF2}"
EndProject
Global
	GlobalSection(SolutionConfigurationPlatforms) = preSolution
		Debug|Any CPU = Debug|Any CPU
		Release|Any CPU = Release|Any CPU
	EndGlobalSection
	GlobalSection(ProjectConfigurationPlatforms) = postSolution
		{CFB533A4-921F-4354-A55D-0C9C7582CAF2}.Debug|Any CPU.ActiveCfg = Debug|Any CPU
		{CFB533A4-921F-4354-A55D-0C9C7582CAF2}.Debug|Any CPU.Build.0 = Debug|Any CPU
		{CFB533A4-921F-4354-A55D-0C9C7582CAF2}.Release|Any CPU.ActiveCfg = Release|Any CPU
		{CFB533A4-921F-4354-A55D-0C9C7582CAF2}.Release|Any CPU.Build.0 = Release|Any CPU
	EndGlobalSection
	GlobalSection(SolutionProperties) = preSolution
		HideSolutionNode = FALSE
	EndGlobalSection
	GlobalSection(ExtensibilityGlobals) = postSolution
		SolutionGuid = {43A440FE-5EAE-4093-98CA-6B92FFEDFDA0}
	EndGlobalSection
EndGlobal
